
Microsoft Visual Studio Solution File, Format Version 12.00
# Visual Studio 14
VisualStudioVersion = 14.0.23107.0
MinimumVisualStudioVersion = 10.0.40219.1
Project("{FAE04EC0-301F-11D3-BF4B-00C04F79EFBC}") = "WebItGrenaa", "WebItGrenaa\WebItGrenaa.csproj", "{642604D7-515C-428B-B927-A8502C254123}"
EndProject
Project("{FAE04EC0-301F-11D3-BF4B-00C04F79EFBC}") = "RepoWebIT", "RepoWebIT\RepoWebIT.csproj", "{00FCB103-D99F-4F2D-A877-0326EB0F7051}"
EndProject
Project("{2150E333-8FDC-42A3-9474-1A3956D46DE8}") = "Docks", "Docks", "{74C7E480-ECBE-4FA7-B3B9-6F5AAE3324A3}"
	ProjectSection(SolutionItems) = preProject
		..\..\..\..\Dropbox\MVC Planlægning\MVC Introduktion.docx = ..\..\..\..\Dropbox\MVC Planlægning\MVC Introduktion.docx
	EndProjectSection
EndProject
Global
	GlobalSection(SolutionConfigurationPlatforms) = preSolution
		Debug|Any CPU = Debug|Any CPU
		Release|Any CPU = Release|Any CPU
	EndGlobalSection
	GlobalSection(ProjectConfigurationPlatforms) = postSolution
		{642604D7-515C-428B-B927-A8502C254123}.Debug|Any CPU.ActiveCfg = Debug|Any CPU
		{642604D7-515C-428B-B927-A8502C254123}.Debug|Any CPU.Build.0 = Debug|Any CPU
		{642604D7-515C-428B-B927-A8502C254123}.Release|Any CPU.ActiveCfg = Release|Any CPU
		{642604D7-515C-428B-B927-A8502C254123}.Release|Any CPU.Build.0 = Release|Any CPU
		{00FCB103-D99F-4F2D-A877-0326EB0F7051}.Debug|Any CPU.ActiveCfg = Debug|Any CPU
		{00FCB103-D99F-4F2D-A877-0326EB0F7051}.Debug|Any CPU.Build.0 = Debug|Any CPU
		{00FCB103-D99F-4F2D-A877-0326EB0F7051}.Release|Any CPU.ActiveCfg = Release|Any CPU
		{00FCB103-D99F-4F2D-A877-0326EB0F7051}.Release|Any CPU.Build.0 = Release|Any CPU
	EndGlobalSection
	GlobalSection(SolutionProperties) = preSolution
		HideSolutionNode = FALSE
	EndGlobalSection
EndGlobal
